
Microsoft Visual Studio Solution File, Format Version 12.00
# Visual Studio Version 17
VisualStudioVersion = 17.1.32414.318
MinimumVisualStudioVersion = 10.0.40219.1
Project("{FAE04EC0-301F-11D3-BF4B-00C04F79EFBC}") = "22April-Questions", "22April-Questions\22April-Questions.csproj", "{459044AA-FAF7-43A9-B81A-8D90CA426D92}"
EndProject
Global
	GlobalSection(SolutionConfigurationPlatforms) = preSolution
		Debug|Any CPU = Debug|Any CPU
		Release|Any CPU = Release|Any CPU
	EndGlobalSection
	GlobalSection(ProjectConfigurationPlatforms) = postSolution
		{459044AA-FAF7-43A9-B81A-8D90CA426D92}.Debug|Any CPU.ActiveCfg = Debug|Any CPU
		{459044AA-FAF7-43A9-B81A-8D90CA426D92}.Debug|Any CPU.Build.0 = Debug|Any CPU
		{459044AA-FAF7-43A9-B81A-8D90CA426D92}.Release|Any CPU.ActiveCfg = Release|Any CPU
		{459044AA-FAF7-43A9-B81A-8D90CA426D92}.Release|Any CPU.Build.0 = Release|Any CPU
	EndGlobalSection
	GlobalSection(SolutionProperties) = preSolution
		HideSolutionNode = FALSE
	EndGlobalSection
	GlobalSection(ExtensibilityGlobals) = postSolution
		SolutionGuid = {2F224204-63F8-4A63-A7DB-ECC15E1D7A10}
	EndGlobalSection
EndGlobal
